
Microsoft Visual Studio Solution File, Format Version 12.00
# Visual Studio Version 17
VisualStudioVersion = 17.14.36915.13
MinimumVisualStudioVersion = 10.0.40219.1
Project("{FAE04EC0-301F-11D3-BF4B-00C04F79EFBC}") = "Facturacion.Cpe", "Facturacion.Cpe\Facturacion.Cpe.csproj", "{7FE38E95-35FF-4C58-B200-287CD3A456BB}"
EndProject
Project("{FAE04EC0-301F-11D3-BF4B-00C04F79EFBC}") = "Facturacion.Consola", "Facturacion.Consola\Facturacion.Consola.csproj", "{42B7643F-3BD1-4F7D-8B6C-D4909CE34C7A}"
EndProject
Project("{FAE04EC0-301F-11D3-BF4B-00C04F79EFBC}") = "Facturacion.Cpe.Tests", "Facturacion.Cpe.Tests\Facturacion.Cpe.Tests.csproj", "{CDAF9831-6F5D-4EA4-9A5F-0CF6E8ECE767}"
EndProject
Project("{FAE04EC0-301F-11D3-BF4B-00C04F79EFBC}") = "Facturacion.Persistencia", "Facturacion.Persistencia\Facturacion.Persistencia.csproj", "{0D0F841F-1CA7-474E-A630-775EC3A556AA}"
EndProject
Project("{FAE04EC0-301F-11D3-BF4B-00C04F79EFBC}") = "Facturacion.Api", "Facturacion.Api\Facturacion.Api.csproj", "{F6DF4DEB-37CC-428C-AC5D-53E5A9A76B2F}"
EndProject
Project("{FAE04EC0-301F-11D3-BF4B-00C04F79EFBC}") = "Facturacion.Worker", "Facturacion.Worker\Facturacion.Worker.csproj", "{DF23FF90-9F28-42D2-8E15-7A7D96762D1D}"
EndProject
Global
	GlobalSection(SolutionConfigurationPlatforms) = preSolution
		Debug|Any CPU = Debug|Any CPU
		Debug|x64 = Debug|x64
		Debug|x86 = Debug|x86
		Release|Any CPU = Release|Any CPU
		Release|x64 = Release|x64
		Release|x86 = Release|x86
	EndGlobalSection
	GlobalSection(ProjectConfigurationPlatforms) = postSolution
		{7FE38E95-35FF-4C58-B200-287CD3A456BB}.Debug|Any CPU.ActiveCfg = Debug|Any CPU
		{7FE38E95-35FF-4C58-B200-287CD3A456BB}.Debug|Any CPU.Build.0 = Debug|Any CPU
		{7FE38E95-35FF-4C58-B200-287CD3A456BB}.Debug|x64.ActiveCfg = Debug|Any CPU
		{7FE38E95-35FF-4C58-B200-287CD3A456BB}.Debug|x64.Build.0 = Debug|Any CPU
		{7FE38E95-35FF-4C58-B200-287CD3A456BB}.Debug|x86.ActiveCfg = Debug|Any CPU
		{7FE38E95-35FF-4C58-B200-287CD3A456BB}.Debug|x86.Build.0 = Debug|Any CPU
		{7FE38E95-35FF-4C58-B200-287CD3A456BB}.Release|Any CPU.ActiveCfg = Release|Any CPU
		{7FE38E95-35FF-4C58-B200-287CD3A456BB}.Release|Any CPU.Build.0 = Release|Any CPU
		{7FE38E95-35FF-4C58-B200-287CD3A456BB}.Release|x64.ActiveCfg = Release|Any CPU
		{7FE38E95-35FF-4C58-B200-287CD3A456BB}.Release|x64.Build.0 = Release|Any CPU
		{7FE38E95-35FF-4C58-B200-287CD3A456BB}.Release|x86.ActiveCfg = Release|Any CPU
		{7FE38E95-35FF-4C58-B200-287CD3A456BB}.Release|x86.Build.0 = Release|Any CPU
		{42B7643F-3BD1-4F7D-8B6C-D4909CE34C7A}.Debug|Any CPU.ActiveCfg = Debug|Any CPU
		{42B7643F-3BD1-4F7D-8B6C-D4909CE34C7A}.Debug|Any CPU.Build.0 = Debug|Any CPU
		{42B7643F-3BD1-4F7D-8B6C-D4909CE34C7A}.Debug|x64.ActiveCfg = Debug|Any CPU
		{42B7643F-3BD1-4F7D-8B6C-D4909CE34C7A}.Debug|x64.Build.0 = Debug|Any CPU
		{42B7643F-3BD1-4F7D-8B6C-D4909CE34C7A}.Debug|x86.ActiveCfg = Debug|Any CPU
		{42B7643F-3BD1-4F7D-8B6C-D4909CE34C7A}.Debug|x86.Build.0 = Debug|Any CPU
		{42B7643F-3BD1-4F7D-8B6C-D4909CE34C7A}.Release|Any CPU.ActiveCfg = Release|Any CPU
		{42B7643F-3BD1-4F7D-8B6C-D4909CE34C7A}.Release|Any CPU.Build.0 = Release|Any CPU
		{42B7643F-3BD1-4F7D-8B6C-D4909CE34C7A}.Release|x64.ActiveCfg = Release|Any CPU
		{42B7643F-3BD1-4F7D-8B6C-D4909CE34C7A}.Release|x64.Build.0 = Release|Any CPU
		{42B7643F-3BD1-4F7D-8B6C-D4909CE34C7A}.Release|x86.ActiveCfg = Release|Any CPU
		{42B7643F-3BD1-4F7D-8B6C-D4909CE34C7A}.Release|x86.Build.0 = Release|Any CPU
		{CDAF9831-6F5D-4EA4-9A5F-0CF6E8ECE767}.Debug|Any CPU.ActiveCfg = Debug|Any CPU
		{CDAF9831-6F5D-4EA4-9A5F-0CF6E8ECE767}.Debug|Any CPU.Build.0 = Debug|Any CPU
		{CDAF9831-6F5D-4EA4-9A5F-0CF6E8ECE767}.Debug|x64.ActiveCfg = Debug|Any CPU
		{CDAF9831-6F5D-4EA4-9A5F-0CF6E8ECE767}.Debug|x64.Build.0 = Debug|Any CPU
		{CDAF9831-6F5D-4EA4-9A5F-0CF6E8ECE767}.Debug|x86.ActiveCfg = Debug|Any CPU
		{CDAF9831-6F5D-4EA4-9A5F-0CF6E8ECE767}.Debug|x86.Build.0 = Debug|Any CPU
		{CDAF9831-6F5D-4EA4-9A5F-0CF6E8ECE767}.Release|Any CPU.ActiveCfg = Release|Any CPU
		{CDAF9831-6F5D-4EA4-9A5F-0CF6E8ECE767}.Release|Any CPU.Build.0 = Release|Any CPU
		{CDAF9831-6F5D-4EA4-9A5F-0CF6E8ECE767}.Release|x64.ActiveCfg = Release|Any CPU
		{CDAF9831-6F5D-4EA4-9A5F-0CF6E8ECE767}.Release|x64.Build.0 = Release|Any CPU
		{CDAF9831-6F5D-4EA4-9A5F-0CF6E8ECE767}.Release|x86.ActiveCfg = Release|Any CPU
		{CDAF9831-6F5D-4EA4-9A5F-0CF6E8ECE767}.Release|x86.Build.0 = Release|Any CPU
		{0D0F841F-1CA7-474E-A630-775EC3A556AA}.Debug|Any CPU.ActiveCfg = Debug|Any CPU
		{0D0F841F-1CA7-474E-A630-775EC3A556AA}.Debug|Any CPU.Build.0 = Debug|Any CPU
		{0D0F841F-1CA7-474E-A630-775EC3A556AA}.Debug|x64.ActiveCfg = Debug|Any CPU
		{0D0F841F-1CA7-474E-A630-775EC3A556AA}.Debug|x64.Build.0 = Debug|Any CPU
		{0D0F841F-1CA7-474E-A630-775EC3A556AA}.Debug|x86.ActiveCfg = Debug|Any CPU
		{0D0F841F-1CA7-474E-A630-775EC3A556AA}.Debug|x86.Build.0 = Debug|Any CPU
		{0D0F841F-1CA7-474E-A630-775EC3A556AA}.Release|Any CPU.ActiveCfg = Release|Any CPU
		{0D0F841F-1CA7-474E-A630-775EC3A556AA}.Release|Any CPU.Build.0 = Release|Any CPU
		{0D0F841F-1CA7-474E-A630-775EC3A556AA}.Release|x64.ActiveCfg = Release|Any CPU
		{0D0F841F-1CA7-474E-A630-775EC3A556AA}.Release|x64.Build.0 = Release|Any CPU
		{0D0F841F-1CA7-474E-A630-775EC3A556AA}.Release|x86.ActiveCfg = Release|Any CPU
		{0D0F841F-1CA7-474E-A630-775EC3A556AA}.Release|x86.Build.0 = Release|Any CPU
		{F6DF4DEB-37CC-428C-AC5D-53E5A9A76B2F}.Debug|Any CPU.ActiveCfg = Debug|Any CPU
		{F6DF4DEB-37CC-428C-AC5D-53E5A9A76B2F}.Debug|Any CPU.Build.0 = Debug|Any CPU
		{F6DF4DEB-37CC-428C-AC5D-53E5A9A76B2F}.Debug|x64.ActiveCfg = Debug|Any CPU
		{F6DF4DEB-37CC-428C-AC5D-53E5A9A76B2F}.Debug|x64.Build.0 = Debug|Any CPU
		{F6DF4DEB-37CC-428C-AC5D-53E5A9A76B2F}.Debug|x86.ActiveCfg = Debug|Any CPU
		{F6DF4DEB-37CC-428C-AC5D-53E5A9A76B2F}.Debug|x86.Build.0 = Debug|Any CPU
		{F6DF4DEB-37CC-428C-AC5D-53E5A9A76B2F}.Release|Any CPU.ActiveCfg = Release|Any CPU
		{F6DF4DEB-37CC-428C-AC5D-53E5A9A76B2F}.Release|Any CPU.Build.0 = Release|Any CPU
		{F6DF4DEB-37CC-428C-AC5D-53E5A9A76B2F}.Release|x64.ActiveCfg = Release|Any CPU
		{F6DF4DEB-37CC-428C-AC5D-53E5A9A76B2F}.Release|x64.Build.0 = Release|Any CPU
		{F6DF4DEB-37CC-428C-AC5D-53E5A9A76B2F}.Release|x86.ActiveCfg = Release|Any CPU
		{F6DF4DEB-37CC-428C-AC5D-53E5A9A76B2F}.Release|x86.Build.0 = Release|Any CPU
		{DF23FF90-9F28-42D2-8E15-7A7D96762D1D}.Debug|Any CPU.ActiveCfg = Debug|Any CPU
		{DF23FF90-9F28-42D2-8E15-7A7D96762D1D}.Debug|Any CPU.Build.0 = Debug|Any CPU
		{DF23FF90-9F28-42D2-8E15-7A7D96762D1D}.Debug|x64.ActiveCfg = Debug|Any CPU
		{DF23FF90-9F28-42D2-8E15-7A7D96762D1D}.Debug|x64.Build.0 = Debug|Any CPU
		{DF23FF90-9F28-42D2-8E15-7A7D96762D1D}.Debug|x86.ActiveCfg = Debug|Any CPU
		{DF23FF90-9F28-42D2-8E15-7A7D96762D1D}.Debug|x86.Build.0 = Debug|Any CPU
		{DF23FF90-9F28-42D2-8E15-7A7D96762D1D}.Release|Any CPU.ActiveCfg = Release|Any CPU
		{DF23FF90-9F28-42D2-8E15-7A7D96762D1D}.Release|Any CPU.Build.0 = Release|Any CPU
		{DF23FF90-9F28-42D2-8E15-7A7D96762D1D}.Release|x64.ActiveCfg = Release|Any CPU
		{DF23FF90-9F28-42D2-8E15-7A7D96762D1D}.Release|x64.Build.0 = Release|Any CPU
		{DF23FF90-9F28-42D2-8E15-7A7D96762D1D}.Release|x86.ActiveCfg = Release|Any CPU
		{DF23FF90-9F28-42D2-8E15-7A7D96762D1D}.Release|x86.Build.0 = Release|Any CPU
	EndGlobalSection
	GlobalSection(SolutionProperties) = preSolution
		HideSolutionNode = FALSE
	EndGlobalSection
	GlobalSection(ExtensibilityGlobals) = postSolution
		SolutionGuid = {FAADD0E3-1335-4C70-BB01-7561E4128DA4}
	EndGlobalSection
EndGlobal
